
Microsoft Visual Studio Solution File, Format Version 12.00
# Visual Studio Version 17
VisualStudioVersion = 17.2.32616.157
MinimumVisualStudioVersion = 10.0.40219.1
Project("{9A19103F-16F7-4668-BE54-9A1E7A4F7556}") = "TqTool", "TqTool\TqTool.csproj", "{2E8DD3D4-5FC5-40ED-9270-F84FD668EF4D}"
EndProject
Project("{2150E333-8FDC-42A3-9474-1A3956D46DE8}") = "Solution Items", "Solution Items", "{32EEE9DC-617B-458E-99E9-D67EDCF82B04}"
	ProjectSection(SolutionItems) = preProject
		.editorconfig = .editorconfig
		Readme.md = Readme.md
	EndProjectSection
EndProject
Project("{FAE04EC0-301F-11D3-BF4B-00C04F79EFBC}") = "TqTool.Tests", "TqTool.Tests\TqTool.Tests.csproj", "{10CE9120-52E4-4F5E-BCFA-CE591A2B033A}"
EndProject
Global
	GlobalSection(SolutionConfigurationPlatforms) = preSolution
		Debug|Any CPU = Debug|Any CPU
		Release|Any CPU = Release|Any CPU
	EndGlobalSection
	GlobalSection(ProjectConfigurationPlatforms) = postSolution
		{2E8DD3D4-5FC5-40ED-9270-F84FD668EF4D}.Debug|Any CPU.ActiveCfg = Debug|Any CPU
		{2E8DD3D4-5FC5-40ED-9270-F84FD668EF4D}.Debug|Any CPU.Build.0 = Debug|Any CPU
		{2E8DD3D4-5FC5-40ED-9270-F84FD668EF4D}.Release|Any CPU.ActiveCfg = Release|Any CPU
		{2E8DD3D4-5FC5-40ED-9270-F84FD668EF4D}.Release|Any CPU.Build.0 = Release|Any CPU
		{10CE9120-52E4-4F5E-BCFA-CE591A2B033A}.Debug|Any CPU.ActiveCfg = Debug|Any CPU
		{10CE9120-52E4-4F5E-BCFA-CE591A2B033A}.Debug|Any CPU.Build.0 = Debug|Any CPU
		{10CE9120-52E4-4F5E-BCFA-CE591A2B033A}.Release|Any CPU.ActiveCfg = Release|Any CPU
		{10CE9120-52E4-4F5E-BCFA-CE591A2B033A}.Release|Any CPU.Build.0 = Release|Any CPU
	EndGlobalSection
	GlobalSection(SolutionProperties) = preSolution
		HideSolutionNode = FALSE
	EndGlobalSection
	GlobalSection(ExtensibilityGlobals) = postSolution
		SolutionGuid = {3CF7AE72-8159-466D-AD6D-BD8065B2ADD1}
	EndGlobalSection
EndGlobal
